
Microsoft Visual Studio Solution File, Format Version 11.00
# Visual Studio 2010
Project("{FAE04EC0-301F-11D3-BF4B-00C04F79EFBC}") = "PipelessPlantPCS", "PipelessPlant_1\PipelessPlantPCS.csproj", "{E2FAF75E-A098-4CCD-9B50-12D28A5798A0}"
EndProject
Global
	GlobalSection(SolutionConfigurationPlatforms) = preSolution
		Debug|Any CPU = Debug|Any CPU
		Debug|x64 = Debug|x64
		Release|Any CPU = Release|Any CPU
		Release|x64 = Release|x64
	EndGlobalSection
	GlobalSection(ProjectConfigurationPlatforms) = postSolution
		{E2FAF75E-A098-4CCD-9B50-12D28A5798A0}.Debug|Any CPU.ActiveCfg = Debug|Any CPU
		{E2FAF75E-A098-4CCD-9B50-12D28A5798A0}.Debug|Any CPU.Build.0 = Debug|Any CPU
		{E2FAF75E-A098-4CCD-9B50-12D28A5798A0}.Debug|x64.ActiveCfg = Debug|x64
		{E2FAF75E-A098-4CCD-9B50-12D28A5798A0}.Debug|x64.Build.0 = Debug|x64
		{E2FAF75E-A098-4CCD-9B50-12D28A5798A0}.Release|Any CPU.ActiveCfg = Release|Any CPU
		{E2FAF75E-A098-4CCD-9B50-12D28A5798A0}.Release|Any CPU.Build.0 = Release|Any CPU
		{E2FAF75E-A098-4CCD-9B50-12D28A5798A0}.Release|x64.ActiveCfg = Release|x64
		{E2FAF75E-A098-4CCD-9B50-12D28A5798A0}.Release|x64.Build.0 = Release|x64
	EndGlobalSection
	GlobalSection(SolutionProperties) = preSolution
		HideSolutionNode = FALSE
	EndGlobalSection
EndGlobal
